
Microsoft Visual Studio Solution File, Format Version 12.00
# Visual Studio Version 16
VisualStudioVersion = 16.0.32002.261
MinimumVisualStudioVersion = 10.0.40219.1
Project("{FAE04EC0-301F-11D3-BF4B-00C04F79EFBC}") = "Factory", "Factory.csproj", "{AFF67EE1-E769-41C2-BFE5-42EABCF711C2}"
EndProject
Global
	GlobalSection(SolutionConfigurationPlatforms) = preSolution
		Debug|Any CPU = Debug|Any CPU
		Release|Any CPU = Release|Any CPU
	EndGlobalSection
	GlobalSection(ProjectConfigurationPlatforms) = postSolution
		{AFF67EE1-E769-41C2-BFE5-42EABCF711C2}.Debug|Any CPU.ActiveCfg = Debug|Any CPU
		{AFF67EE1-E769-41C2-BFE5-42EABCF711C2}.Debug|Any CPU.Build.0 = Debug|Any CPU
		{AFF67EE1-E769-41C2-BFE5-42EABCF711C2}.Release|Any CPU.ActiveCfg = Release|Any CPU
		{AFF67EE1-E769-41C2-BFE5-42EABCF711C2}.Release|Any CPU.Build.0 = Release|Any CPU
	EndGlobalSection
	GlobalSection(SolutionProperties) = preSolution
		HideSolutionNode = FALSE
	EndGlobalSection
	GlobalSection(ExtensibilityGlobals) = postSolution
		SolutionGuid = {EA8B42E4-DD45-46EF-91A3-4D89515E44C7}
	EndGlobalSection
EndGlobal
