
Microsoft Visual Studio Solution File, Format Version 12.00
# Visual Studio Version 16
VisualStudioVersion = 16.0.32002.261
MinimumVisualStudioVersion = 10.0.40219.1
Project("{FAE04EC0-301F-11D3-BF4B-00C04F79EFBC}") = "Company", "Company\Company.csproj", "{CEA4E5EF-C576-4ED5-A87D-FF9CA3682C40}"
EndProject
Global
	GlobalSection(SolutionConfigurationPlatforms) = preSolution
		Debug|Any CPU = Debug|Any CPU
		Release|Any CPU = Release|Any CPU
	EndGlobalSection
	GlobalSection(ProjectConfigurationPlatforms) = postSolution
		{CEA4E5EF-C576-4ED5-A87D-FF9CA3682C40}.Debug|Any CPU.ActiveCfg = Debug|Any CPU
		{CEA4E5EF-C576-4ED5-A87D-FF9CA3682C40}.Debug|Any CPU.Build.0 = Debug|Any CPU
		{CEA4E5EF-C576-4ED5-A87D-FF9CA3682C40}.Release|Any CPU.ActiveCfg = Release|Any CPU
		{CEA4E5EF-C576-4ED5-A87D-FF9CA3682C40}.Release|Any CPU.Build.0 = Release|Any CPU
	EndGlobalSection
	GlobalSection(SolutionProperties) = preSolution
		HideSolutionNode = FALSE
	EndGlobalSection
	GlobalSection(ExtensibilityGlobals) = postSolution
		SolutionGuid = {9AE5E9F0-097C-47F1-88C5-BC9C109E133E}
	EndGlobalSection
EndGlobal
